
Microsoft Visual Studio Solution File, Format Version 12.00
# Visual Studio Version 17
VisualStudioVersion = 17.4.33213.308
MinimumVisualStudioVersion = 10.0.40219.1
Project("{9A19103F-16F7-4668-BE54-9A1E7A4F7556}") = "WebApplication4", "WebApplication4\WebApplication4.csproj", "{5FBC8FBC-512E-4FF1-BFFA-2E30281283D8}"
EndProject
Global
	GlobalSection(SolutionConfigurationPlatforms) = preSolution
		Debug|Any CPU = Debug|Any CPU
		Release|Any CPU = Release|Any CPU
	EndGlobalSection
	GlobalSection(ProjectConfigurationPlatforms) = postSolution
		{5FBC8FBC-512E-4FF1-BFFA-2E30281283D8}.Debug|Any CPU.ActiveCfg = Debug|Any CPU
		{5FBC8FBC-512E-4FF1-BFFA-2E30281283D8}.Debug|Any CPU.Build.0 = Debug|Any CPU
		{5FBC8FBC-512E-4FF1-BFFA-2E30281283D8}.Release|Any CPU.ActiveCfg = Release|Any CPU
		{5FBC8FBC-512E-4FF1-BFFA-2E30281283D8}.Release|Any CPU.Build.0 = Release|Any CPU
	EndGlobalSection
	GlobalSection(SolutionProperties) = preSolution
		HideSolutionNode = FALSE
	EndGlobalSection
	GlobalSection(ExtensibilityGlobals) = postSolution
		SolutionGuid = {BBE5F195-39EC-4032-AD21-C2376ED79163}
	EndGlobalSection
EndGlobal
